// !$*UTF8*$!
{
	archiveVersion = 1;
	classes = {
	};
	objectVersion = 50;
	objects = {

/* Begin PBXBuildFile section */
		4DCFD0472368F4F800564212 /* AppDelegate.swift in Sources */ = {isa = PBXBuildFile; fileRef = 4DCFD0462368F4F800564212 /* AppDelegate.swift */; };
		4DCFD0492368F4F800564212 /* SceneDelegate.swift in Sources */ = {isa = PBXBuildFile; fileRef = 4DCFD0482368F4F800564212 /* SceneDelegate.swift */; };
		4DCFD04B2368F4F800564212 /* ViewController.swift in Sources */ = {isa = PBXBuildFile; fileRef = 4DCFD04A2368F4F800564212 /* ViewController.swift */; };
		4DCFD04E2368F4F800564212 /* Main.storyboard in Resources */ = {isa = PBXBuildFile; fileRef = 4DCFD04C2368F4F800564212 /* Main.storyboard */; };
		4DCFD0502368F4FB00564212 /* Assets.xcassets in Resources */ = {isa = PBXBuildFile; fileRef = 4DCFD04F2368F4FB00564212 /* Assets.xcassets */; };
		4DCFD0532368F4FB00564212 /* LaunchScreen.storyboard in Resources */ = {isa = PBXBuildFile; fileRef = 4DCFD0512368F4FB00564212 /* LaunchScreen.storyboard */; };
		4DCFD05B2368FB8500564212 /* RGBValues.swift in Sources */ = {isa = PBXBuildFile; fileRef = 4DCFD05A2368FB8500564212 /* RGBValues.swift */; };
/* End PBXBuildFile section */

/* Begin PBXFileReference section */
		4DCFD0432368F4F800564212 /* ColorGuessingGame.app */ = {isa = PBXFileReference; explicitFileType = wrapper.application; includeInIndex = 0; path = ColorGuessingGame.app; sourceTree = BUILT_PRODUCTS_DIR; };
		4DCFD0462368F4F800564212 /* AppDelegate.swift */ = {isa = PBXFileReference; lastKnownFileType = sourcecode.swift; path = AppDelegate.swift; sourceTree = "<group>"; };
		4DCFD0482368F4F800564212 /* SceneDelegate.swift */ = {isa = PBXFileReference; lastKnownFileType = sourcecode.swift; path = SceneDelegate.swift; sourceTree = "<group>"; };
		4DCFD04A2368F4F800564212 /* ViewController.swift */ = {isa = PBXFileReference; lastKnownFileType = sourcecode.swift; path = ViewController.swift; sourceTree = "<group>"; };
		4DCFD04D2368F4F800564212 /* Base */ = {isa = PBXFileReference; lastKnownFileType = file.storyboard; name = Base; path = Base.lproj/Main.storyboard; sourceTree = "<group>"; };
		4DCFD04F2368F4FB00564212 /* Assets.xcassets */ = {isa = PBXFileReference; lastKnownFileType = folder.assetcatalog; path = Assets.xcassets; sourceTree = "<group>"; };
		4DCFD0522368F4FB00564212 /* Base */ = {isa = PBXFileReference; lastKnownFileType = file.storyboard; name = Base; path = Base.lproj/LaunchScreen.storyboard; sourceTree = "<group>"; };
		4DCFD0542368F4FB00564212 /* Info.plist */ = {isa = PBXFileReference; lastKnownFileType = text.plist.xml; path = Info.plist; sourceTree = "<group>"; };
		4DCFD05A2368FB8500564212 /* RGBValues.swift */ = {isa = PBXFileReference; lastKnownFileType = sourcecode.swift; path = RGBValues.swift; sourceTree = "<group>"; };
/* End PBXFileReference section */

/* Begin PBXFrameworksBuildPhase section */
		4DCFD0402368F4F800564212 /* Frameworks */ = {
			isa = PBXFrameworksBuildPhase;
			buildActionMask = 2147483647;
			files = (
			);
			runOnlyForDeploymentPostprocessing = 0;
		};
/* End PBXFrameworksBuildPhase section */

/* Begin PBXGroup section */
		4DCFD03A2368F4F800564212 = {
			isa = PBXGroup;
			children = (
				4DCFD0452368F4F800564212 /* ColorGuessingGame */,
				4DCFD0442368F4F800564212 /* Products */,
			);
			sourceTree = "<group>";
		};
		4DCFD0442368F4F800564212 /* Products */ = {
			isa = PBXGroup;
			children = (
				4DCFD0432368F4F800564212 /* ColorGuessingGame.app */,
			);
			name = Products;
			sourceTree = "<group>";
		};
		4DCFD0452368F4F800564212 /* ColorGuessingGame */ = {
			isa = PBXGroup;
			children = (
				4DCFD0462368F4F800564212 /* AppDelegate.swift */,
				4DCFD0482368F4F800564212 /* SceneDelegate.swift */,
				4DCFD04A2368F4F800564212 /* ViewController.swift */,
				4DCFD05A2368FB8500564212 /* RGBValues.swift */,
				4DCFD04C2368F4F800564212 /* Main.storyboard */,
				4DCFD04F2368F4FB00564212 /* Assets.xcassets */,
				4DCFD0512368F4FB00564212 /* LaunchScreen.storyboard */,
				4DCFD0542368F4FB00564212 /* Info.plist */,
			);
			path = ColorGuessingGame;
			sourceTree = "<group>";
		};
/* End PBXGroup section */

/* Begin PBXNativeTarget section */
		4DCFD0422368F4F800564212 /* ColorGuessingGame */ = {
			isa = PBXNativeTarget;
			buildConfigurationList = 4DCFD0572368F4FB00564212 /* Build configuration list for PBXNativeTarget "ColorGuessingGame" */;
			buildPhases = (
				4DCFD03F2368F4F800564212 /* Sources */,
				4DCFD0402368F4F800564212 /* Frameworks */,
				4DCFD0412368F4F800564212 /* Resources */,
			);
			buildRules = (
			);
			dependencies = (
			);
			name = ColorGuessingGame;
			productName = ColorGuessingGame;
			productReference = 4DCFD0432368F4F800564212 /* ColorGuessingGame.app */;
			productType = "com.apple.product-type.application";
		};
/* End PBXNativeTarget section */

/* Begin PBXProject section */
		4DCFD03B2368F4F800564212 /* Project object */ = {
			isa = PBXProject;
			attributes = {
				LastSwiftUpdateCheck = 1110;
				LastUpgradeCheck = 1110;
				ORGANIZATIONNAME = "Melinda Diaz";
				TargetAttributes = {
					4DCFD0422368F4F800564212 = {
						CreatedOnToolsVersion = 11.1;
					};
				};
			};
			buildConfigurationList = 4DCFD03E2368F4F800564212 /* Build configuration list for PBXProject "ColorGuessingGame" */;
			compatibilityVersion = "Xcode 9.3";
			developmentRegion = en;
			hasScannedForEncodings = 0;
			knownRegions = (
				en,
				Base,
			);
			mainGroup = 4DCFD03A2368F4F800564212;
			productRefGroup = 4DCFD0442368F4F800564212 /* Products */;
			projectDirPath = "";
			projectRoot = "";
			targets = (
				4DCFD0422368F4F800564212 /* ColorGuessingGame */,
			);
		};
/* End PBXProject section */

/* Begin PBXResourcesBuildPhase section */
		4DCFD0412368F4F800564212 /* Resources */ = {
			isa = PBXResourcesBuildPhase;
			buildActionMask = 2147483647;
			files = (
				4DCFD0532368F4FB00564212 /* LaunchScreen.storyboard in Resources */,
				4DCFD0502368F4FB00564212 /* Assets.xcassets in Resources */,
				4DCFD04E2368F4F800564212 /* Main.storyboard in Resources */,
			);
			runOnlyForDeploymentPostprocessing = 0;
		};
/* End PBXResourcesBuildPhase section */

/* Begin PBXSourcesBuildPhase section */
		4DCFD03F2368F4F800564212 /* Sources */ = {
			isa = PBXSourcesBuildPhase;
			buildActionMask = 2147483647;
			files = (
				4DCFD04B2368F4F800564212 /* ViewController.swift in Sources */,
				4DCFD05B2368FB8500564212 /* RGBValues.swift in Sources */,
				4DCFD0472368F4F800564212 /* AppDelegate.swift in Sources */,
				4DCFD0492368F4F800564212 /* SceneDelegate.swift in Sources */,
			);
			runOnlyForDeploymentPostprocessing = 0;
		};
/* End PBXSourcesBuildPhase section */

/* Begin PBXVariantGroup section */
		4DCFD04C2368F4F800564212 /* Main.storyboard */ = {
			isa = PBXVariantGroup;
			children = (
				4DCFD04D2368F4F800564212 /* Base */,
			);
			name = Main.storyboard;
			sourceTree = "<group>";
		};
		4DCFD0512368F4FB00564212 /* LaunchScreen.storyboard */ = {
			isa = PBXVariantGroup;
			children = (
				4DCFD0522368F4FB00564212 /* Base */,
			);
			name = LaunchScreen.storyboard;
			sourceTree = "<group>";
		};
/* End PBXVariantGroup section */

/* Begin XCBuildConfiguration section */
		4DCFD0552368F4FB00564212 /* Debug */ = {
			isa = XCBuildConfiguration;
			buildSettings = {
				ALWAYS_SEARCH_USER_PATHS = NO;
				CLANG_ANALYZER_NONNULL = YES;
				CLANG_ANALYZER_NUMBER_OBJECT_CONVERSION = YES_AGGRESSIVE;
				CLANG_CXX_LANGUAGE_STANDARD = "gnu++14";
				CLANG_CXX_LIBRARY = "libc++";
				CLANG_ENABLE_MODULES = YES;
				CLANG_ENABLE_OBJC_ARC = YES;
				CLANG_ENABLE_OBJC_WEAK = YES;
				CLANG_WARN_BLOCK_CAPTURE_AUTORELEASING = YES;
				CLANG_WARN_BOOL_CONVERSION = YES;
				CLANG_WARN_COMMA = YES;
				CLANG_WARN_CONSTANT_CONVERSION = YES;
				CLANG_WARN_DEPRECATED_OBJC_IMPLEMENTATIONS = YES;
				CLANG_WARN_DIRECT_OBJC_ISA_USAGE = YES_ERROR;
				CLANG_WARN_DOCUMENTATION_COMMENTS = YES;
				CLANG_WARN_EMPTY_BODY = YES;
				CLANG_WARN_ENUM_CONVERSION = YES;
				CLANG_WARN_INFINITE_RECURSION = YES;
				CLANG_WARN_INT_CONVERSION = YES;
				CLANG_WARN_NON_LITERAL_NULL_CONVERSION = YES;
				CLANG_WARN_OBJC_IMPLICIT_RETAIN_SELF = YES;
				CLANG_WARN_OBJC_LITERAL_CONVERSION = YES;
				CLANG_WARN_OBJC_ROOT_CLASS = YES_ERROR;
				CLANG_WARN_RANGE_LOOP_ANALYSIS = YES;
				CLANG_WARN_STRICT_PROTOTYPES = YES;
				CLANG_WARN_SUSPICIOUS_MOVE = YES;
				CLANG_WARN_UNGUARDED_AVAILABILITY = YES_AGGRESSIVE;
				CLANG_WARN_UNREACHABLE_CODE = YES;
				CLANG_WARN__DUPLICATE_METHOD_MATCH = YES;
				COPY_PHASE_STRIP = NO;
				DEBUG_INFORMATION_FORMAT = dwarf;
				ENABLE_STRICT_OBJC_MSGSEND = YES;
				ENABLE_TESTABILITY = YES;
				GCC_C_LANGUAGE_STANDARD = gnu11;
				GCC_DYNAMIC_NO_PIC = NO;
				GCC_NO_COMMON_BLOCKS = YES;
				GCC_OPTIMIZATION_LEVEL = 0;
				GCC_PREPROCESSOR_DEFINITIONS = (
					"DEBUG=1",
					"$(inherited)",
				);
				GCC_WARN_64_TO_32_BIT_CONVERSION = YES;
				GCC_WARN_ABOUT_RETURN_TYPE = YES_ERROR;
				GCC_WARN_UNDECLARED_SELECTOR = YES;
				GCC_WARN_UNINITIALIZED_AUTOS = YES_AGGRESSIVE;
				GCC_WARN_UNUSED_FUNCTION = YES;
				GCC_WARN_UNUSED_VARIABLE = YES;
				IPHONEOS_DEPLOYMENT_TARGET = 13.1;
				MTL_ENABLE_DEBUG_INFO = INCLUDE_SOURCE;
				MTL_FAST_MATH = YES;
				ONLY_ACTIVE_ARCH = YES;
				SDKROOT = iphoneos;
				SWIFT_ACTIVE_COMPILATION_CONDITIONS = DEBUG;
				SWIFT_OPTIMIZATION_LEVEL = "-Onone";
			};
			name = Debug;
		};
		4DCFD0562368F4FB00564212 /* Release */ = {
			isa = XCBuildConfiguration;
			buildSettings = {
				ALWAYS_SEARCH_USER_PATHS = NO;
				CLANG_ANALYZER_NONNULL = YES;
				CLANG_ANALYZER_NUMBER_OBJECT_CONVERSION = YES_AGGRESSIVE;
				CLANG_CXX_LANGUAGE_STANDARD = "gnu++14";
				CLANG_CXX_LIBRARY = "libc++";
				CLANG_ENABLE_MODULES = YES;
				CLANG_ENABLE_OBJC_ARC = YES;
				CLANG_ENABLE_OBJC_WEAK = YES;
				CLANG_WARN_BLOCK_CAPTURE_AUTORELEASING = YES;
				CLANG_WARN_BOOL_CONVERSION = YES;
				CLANG_WARN_COMMA = YES;
				CLANG_WARN_CONSTANT_CONVERSION = YES;
				CLANG_WARN_DEPRECATED_OBJC_IMPLEMENTATIONS = YES;
				CLANG_WARN_DIRECT_OBJC_ISA_USAGE = YES_ERROR;
				CLANG_WARN_DOCUMENTATION_COMMENTS = YES;
				CLANG_WARN_EMPTY_BODY = YES;
				CLANG_WARN_ENUM_CONVERSION = YES;
				CLANG_WARN_INFINITE_RECURSION = YES;
				CLANG_WARN_INT_CONVERSION = YES;
				CLANG_WARN_NON_LITERAL_NULL_CONVERSION = YES;
				CLANG_WARN_OBJC_IMPLICIT_RETAIN_SELF = YES;
				CLANG_WARN_OBJC_LITERAL_CONVERSION = YES;
				CLANG_WARN_OBJC_ROOT_CLASS = YES_ERROR;
				CLANG_WARN_RANGE_LOOP_ANALYSIS = YES;
				CLANG_WARN_STRICT_PROTOTYPES = YES;
				CLANG_WARN_SUSPICIOUS_MOVE = YES;
				CLANG_WARN_UNGUARDED_AVAILABILITY = YES_AGGRESSIVE;
				CLANG_WARN_UNREACHABLE_CODE = YES;
				CLANG_WARN__DUPLICATE_METHOD_MATCH = YES;
				COPY_PHASE_STRIP = NO;
				DEBUG_INFORMATION_FORMAT = "dwarf-with-dsym";
				ENABLE_NS_ASSERTIONS = NO;
				ENABLE_STRICT_OBJC_MSGSEND = YES;
				GCC_C_LANGUAGE_STANDARD = gnu11;
				GCC_NO_COMMON_BLOCKS = YES;
				GCC_WARN_64_TO_32_BIT_CONVERSION = YES;
				GCC_WARN_ABOUT_RETURN_TYPE = YES_ERROR;
				GCC_WARN_UNDECLARED_SELECTOR = YES;
				GCC_WARN_UNINITIALIZED_AUTOS = YES_AGGRESSIVE;
				GCC_WARN_UNUSED_FUNCTION = YES;
				GCC_WARN_UNUSED_VARIABLE = YES;
				IPHONEOS_DEPLOYMENT_TARGET = 13.1;
				MTL_ENABLE_DEBUG_INFO = NO;
				MTL_FAST_MATH = YES;
				SDKROOT = iphoneos;
				SWIFT_COMPILATION_MODE = wholemodule;
				SWIFT_OPTIMIZATION_LEVEL = "-O";
				VALIDATE_PRODUCT = YES;
			};
			name = Release;
		};
		4DCFD0582368F4FB00564212 /* Debug */ = {
			isa = XCBuildConfiguration;
			buildSettings = {
				ASSETCATALOG_COMPILER_APPICON_NAME = AppIcon;
				CODE_SIGN_STYLE = Automatic;
				DEVELOPMENT_TEAM = M4Q46HX6W5;
				INFOPLIST_FILE = ColorGuessingGame/Info.plist;
				LD_RUNPATH_SEARCH_PATHS = (
					"$(inherited)",
					"@executable_path/Frameworks",
				);
				PRODUCT_BUNDLE_IDENTIFIER = com.melinda.ColorGuessingGame;
				PRODUCT_NAME = "$(TARGET_NAME)";
				SWIFT_VERSION = 5.0;
				TARGETED_DEVICE_FAMILY = "1,2";
			};
			name = Debug;
		};
		4DCFD0592368F4FB00564212 /* Release */ = {
			isa = XCBuildConfiguration;
			buildSettings = {
				ASSETCATALOG_COMPILER_APPICON_NAME = AppIcon;
				CODE_SIGN_STYLE = Automatic;
				DEVELOPMENT_TEAM = M4Q46HX6W5;
				INFOPLIST_FILE = ColorGuessingGame/Info.plist;
				LD_RUNPATH_SEARCH_PATHS = (
					"$(inherited)",
					"@executable_path/Frameworks",
				);
				PRODUCT_BUNDLE_IDENTIFIER = com.melinda.ColorGuessingGame;
				PRODUCT_NAME = "$(TARGET_NAME)";
				SWIFT_VERSION = 5.0;
				TARGETED_DEVICE_FAMILY = "1,2";
			};
			name = Release;
		};
/* End XCBuildConfiguration section */

/* Begin XCConfigurationList section */
		4DCFD03E2368F4F800564212 /* Build configuration list for PBXProject "ColorGuessingGame" */ = {
			isa = XCConfigurationList;
			buildConfigurations = (
				4DCFD0552368F4FB00564212 /* Debug */,
				4DCFD0562368F4FB00564212 /* Release */,
			);
			defaultConfigurationIsVisible = 0;
			defaultConfigurationName = Release;
		};
		4DCFD0572368F4FB00564212 /* Build configuration list for PBXNativeTarget "ColorGuessingGame" */ = {
			isa = XCConfigurationList;
			buildConfigurations = (
				4DCFD0582368F4FB00564212 /* Debug */,
				4DCFD0592368F4FB00564212 /* Release */,
			);
			defaultConfigurationIsVisible = 0;
			defaultConfigurationName = Release;
		};
/* End XCConfigurationList section */
	};
	rootObject = 4DCFD03B2368F4F800564212 /* Project object */;
}
